
Microsoft Visual Studio Solution File, Format Version 11.00
# Visual Studio 2010
Project("{FAE04EC0-301F-11D3-BF4B-00C04F79EFBC}") = "lab1", "lab1\lab1.csproj", "{01AD6903-E3D3-4FD8-A378-22D55FF1A5EB}"
EndProject
Global
	GlobalSection(SolutionConfigurationPlatforms) = preSolution
		Debug|x86 = Debug|x86
		Release|x86 = Release|x86
	EndGlobalSection
	GlobalSection(ProjectConfigurationPlatforms) = postSolution
		{01AD6903-E3D3-4FD8-A378-22D55FF1A5EB}.Debug|x86.ActiveCfg = Debug|x86
		{01AD6903-E3D3-4FD8-A378-22D55FF1A5EB}.Debug|x86.Build.0 = Debug|x86
		{01AD6903-E3D3-4FD8-A378-22D55FF1A5EB}.Release|x86.ActiveCfg = Release|x86
		{01AD6903-E3D3-4FD8-A378-22D55FF1A5EB}.Release|x86.Build.0 = Release|x86
	EndGlobalSection
	GlobalSection(SolutionProperties) = preSolution
		HideSolutionNode = FALSE
	EndGlobalSection
EndGlobal
